github.com/evanphx/json-patch v0.5.2 h1:xVCHIVMUu1wtM/VkR9jVZ45N3FhZfYMMYGorLCR8P3k=
github.com/evanphx/json-patch v0.5.2/go.mod h1:ZWS5hhDbVDyob71nXKNL0+PWn6ToqBHMikGIFbs31qQ=
github.com/fulldump/biff v1.3.0 h1:FZDqvP8lkrCMDv/oNEH+j2unpuAY+8aXZ44GIvXYOx4=
github.com/fulldump/biff v1.3.0/go.mod h1:TnBce9eRITmnv3otdmITKeU/zmC08DxotA9s0VcJELg=
github.com/fulldump/box v0.1.3 h1:Qz1tDf0giqC+EVj51CdFLHgaLAayboTT8/FnP6Zd1EA=
github.com/fulldump/box v0.1.3/go.mod h1:UO8uDIKLNvnsp/ru2za7gev9VBlRIeAVH3bLl7xdfNg=
github.com/fulldump/goconfig v1.6.1 h1:3Xif582G08uAWfiLIYFLgdZ/H+lUu1kCgMaZdMM44WQ=
github.com/fulldump/goconfig v1.6.1/go.mod h1:qsSyOhlzhYkL2dJ3KWKxs1hX3Qv58Jzj8pRsIEkHmUY=
github.com/google/uuid v1.3.0 h1:t6JiXgmwXMjEs8VusXIJk2BXHsn+wx8BZdTaoZ5fu7I=
github.com/google/uuid v1.3.0/go.mod h1:TIyPZe4MgqvfeYDBFedMoGGpEw/LqOeaOT+nhxU+yHo=
github.com/jessevdk/go-flags v1.4.0/go.mod h1:4FA24M0QyGHXBuZZK/XkWh8h0e1EYbRYJSGM75WSRxI=
github.com/pkg/errors v0.9.1 h1:FEBLx1zS214owpjy7qsBeixbURkuhQAwrK5UwLGTwt4=
github.com/pkg/errors v0.9.1/go.mod h1:bwawxfHBFNV+L2hUp1rHADufV3IMtnDRdf1r5NINEl0=
